PODS:
  - AFNetworking (3.2.1):
    - AFNetworking/NSURLSession (= 3.2.1)
    - AFNetworking/Reachability (= 3.2.1)
    - AFNetworking/Security (= 3.2.1)
    - AFNetworking/Serialization (= 3.2.1)
    - AFNetworking/UIKit (= 3.2.1)
  - AFNetworking/NSURLSession (3.2.1):
    - AFNetworking/Reachability
    - AFNetworking/Security
    - AFNetworking/Serialization
  - AFNetworking/Reachability (3.2.1)
  - AFNetworking/Security (3.2.1)
  - AFNetworking/Serialization (3.2.1)
  - AFNetworking/UIKit (3.2.1):
    - AFNetworking/NSURLSession
  - BATabBarController (0.1.5):
    - Masonry
  - DACircularProgress (2.3.1)
  - DZNEmptyDataSet (1.8.1)
  - IDMPhotoBrowser (1.10.2):
    - DACircularProgress
    - pop
    - SDWebImage
  - IQKeyboardManager (6.2.1)
  - M13ProgressSuite (1.2.9)
  - Masonry (1.1.0)
  - MBProgressHUD (1.1.0)
  - MJRefresh (3.1.16)
  - pop (1.0.12)
  - SDWebImage (5.0.0):
    - SDWebImage/Core (= 5.0.0)
  - SDWebImage/Core (5.0.0)
  - XMLReader (0.0.2)
  - YPTabBarController (2.6.0)

DEPENDENCIES:
  - AFNetworking
  - BATabBarController
  - DZNEmptyDataSet
  - IDMPhotoBrowser
  - IQKeyboardManager
  - M13ProgressSuite
  - Masonry
  - MBProgressHUD
  - MJRefresh
  - SDWebImage
  - XMLReader
  - YPTabBarController

SPEC REPOS:
  https://github.com/CocoaPods/Specs.git:
    - AFNetworking
    - BATabBarController
    - DACircularProgress
    - DZNEmptyDataSet
    - IDMPhotoBrowser
    - IQKeyboardManager
    - M13ProgressSuite
    - Masonry
    - MJRefresh
    - pop
    - SDWebImage
    - XMLReader
    - YPTabBarController
  trunk:
    - MBProgressHUD

SPEC CHECKSUMS:
  AFNetworking: b6f891fdfaed196b46c7a83cf209e09697b94057
  BATabBarController: 5613abe7e9e840e4d47deecef6f5082187b24ecf
  DACircularProgress: 4dd437c0fc3da5161cb289e07ac449493d41db71
  DZNEmptyDataSet: 9525833b9e68ac21c30253e1d3d7076cc828eaa7
  IDMPhotoBrowser: 4bb459b1faffc228e92bccdf7c54ad6d6b7e8c37
  IQKeyboardManager: 964638372b4a61892cc74fdfa6fd26de8c9464a2
  M13ProgressSuite: ea9f7263e73e9215e6849dfa54e29ee0ad6a145c
  Masonry: 678fab65091a9290e40e2832a55e7ab731aad201
  MBProgressHUD: e7baa36a220447d8aeb12769bf0585582f3866d9
  MJRefresh: 7798e16e53a5ef7f332dd05b27664db4e29530fd
  pop: d582054913807fd11fd50bfe6a539d91c7e1a55a
  SDWebImage: 5de80a0302de9e377e62f47d2fa1304efff0e55f
  XMLReader: c7e54b707c368e2fa545d8313276b4de13a36ff5
  YPTabBarController: 8591a577e74dc9331929c9a0bb960ce2f1bf953f

PODFILE CHECKSUM: 471d02a85d58d552a94fbb6ae428b6b14d1de867

COCOAPODS: 1.8.0.beta.2
